{
  "version": 3,
  "mopsTomlDepsHash": "c941f430d267b99ef0a909beb6de773e43d8e079410e21bba87c510267b7a7f4",
  "deps": {
    "base": "0.13.3"
  },
  "hashes": {
    "base@0.13.3": {
      "base@0.13.3/src/Blob.mo": "9d4b10667080778bca66cb534f1e0a1477e5247a970170f4ba19e7c58cc4939d",
      "base@0.13.3/NOTICE": "3960a8d25fa5fc909325817b08b36c1146970930ca15b6352f8ea6db803cab47",
      "base@0.13.3/mops.toml": "07116a8d579314fbfe236fa2621d79291b497cbbd75c99f98a9318d13f11a141",
      "base@0.13.3/README.md": "f45244a47229456939321014b550e3360b4f8c4d0fd60aa60bbba7e9eacbc8de",
      "base@0.13.3/src/AssocList.mo": "07a92db12c36ba96baf3fb45ac76662407ca5d6cee7aedb01fa8ed6d9ee98cf4",
      "base@0.13.3/src/Array.mo": "b8b182ec7522daf79160a00e34a7ea558369c32c2b67a6ed339fa2e56ce60835",
      "base@0.13.3/LICENSE": "166bd8e8cf7790087d1fd18a9fa4d060cc0d0b3e5ab30689aa5f3a59a93386bf",
      "base@0.13.3/src/Bool.mo": "65faf01dc6e3609ed2f729b813811506951adcce71c081fc6edcdbae4c8b1169",
      "base@0.13.3/src/Buffer.mo": "7ad75dec25ea37e964c536d6bb86ed90cc48047feedb57c9ded359bea49045f7",
      "base@0.13.3/src/CertifiedData.mo": "51a205989529f6b4fe788f78be0de2da1cb96f6532aac8accccbf4421cce3d06",
      "base@0.13.3/src/Error.mo": "988e300efcdf69d08338a506b47da2536a376187542a731dcc83b427c711a23d",
      "base@0.13.3/src/Char.mo": "dc34cfe3482b92134e5604629377b4236367f2f31d8a82b81084ca5cadf31c2e",
      "base@0.13.3/src/ExperimentalCycles.mo": "914a997e981431b104ec8ef6c263908738ce88a3858d93cff7d1b3290cd6b68f",
      "base@0.13.3/src/Debug.mo": "3bc1b92c7e849ae09bd5bc43397d625c07ce80d1089cfe12cde6e6fee6a6ab7b",
      "base@0.13.3/src/Deque.mo": "39da68fb8f19fb497aa3db769ffe2cb740cab54e6d82264052de505edac9b17b",
      "base@0.13.3/src/ExperimentalInternetComputer.mo": "4aa908a6d33be0b0ee053056890c10dfc040df327283087e7c2a923ab19b6ca9",
      "base@0.13.3/src/ExperimentalStableMemory.mo": "70330ae4d113e15d1d211c8ea229bc0a6fc6c014f5fece58aea0de90c82e4fff",
      "base@0.13.3/src/Float.mo": "499f0b2e4b3b1bd4322eaa6aa34ed3a99b31f837c6b032e5000e2f574bffa908",
      "base@0.13.3/src/Func.mo": "bea8bcb92707a255814e0a7d79c238e490860c38001438612948704027f05bec",
      "base@0.13.3/src/Hash.mo": "99d7add2ed6e82cf482593ac85edd231d507ef542608cd42fec1cc6d764906e9",
      "base@0.13.3/src/HashMap.mo": "639c3377687ef59c22ac8df7ef5b26cf6c9689a356ea1ac9fbe215819db59adf",
      "base@0.13.3/src/Heap.mo": "517b746ca16d80b9b7cf3fc6c2883854d4cb240bd494a888fb65ac02441f769b",
      "base@0.13.3/src/Int.mo": "3dc2fe075ca553d92cb8178f3216a591233376ffb591d42a8f08bd86c7b5cea6",
      "base@0.13.3/src/Int16.mo": "586617af6cef687bd05cd29cd0c785b366ad5ad2b871151f909de76671b755c3",
      "base@0.13.3/src/Int32.mo": "bcb4775ef68e0b2b5b872771abcda8eaef4e0a126562b0877e91b3a1ebaaffd6",
      "base@0.13.3/src/Int8.mo": "dfdaf280fe2a1b7524cf82116ccdeea5c70cb27046b8addd3c3d9f387b17f594",
      "base@0.13.3/src/Iter.mo": "140291f243dfcfdbedb54a264cce76b7481eeb8767224a41fa9951beaf067b67",
      "base@0.13.3/src/IterType.mo": "1b6361f1b7ee81d1974719c8464c8c574aaee992c37c3c7b6c39f107a58af01c",
      "base@0.13.3/src/Int64.mo": "7cfa15c6a8b777fb5f67e841da3d0960a5ef43c66d46acdf354e8a7dfac57d2d",
      "base@0.13.3/src/Nat.mo": "d2d24f2b42365b3a54c8bb3cf467b94d1ec7f3271a7d0f671986c04a39a8b844",
      "base@0.13.3/src/List.mo": "d13e77eb05b4edcca55e7cc5ee7ce5018c5a137a7a67708e8eb54967c38673fb",
      "base@0.13.3/src/Nat16.mo": "42483fe26ec90fcfc5d90e82df945ea128d10145dada4ee8f68ee85e62f17841",
      "base@0.13.3/src/Nat32.mo": "7919cf0598707ae3628d70caa3bb44c04e3bd940752b85481f4f071cde89b66a",
      "base@0.13.3/src/Nat64.mo": "dce2861f9674d6301fb2b98475460e85b3d245537c52e3c7a90fac257e5c96f0",
      "base@0.13.3/src/Nat8.mo": "b9266d0b5e284288beeca990963cb7a8c9492d69771c656d0501507a613802ba",
      "base@0.13.3/src/None.mo": "b204a4964519117e6fa8ee82da5653376988cf618fc397205dfc8ea58f60d2d1",
      "base@0.13.3/src/Option.mo": "72c9ddc183b6248375e0f96efd33881a130a465f97e6a3a553ffe8f16bb5fba7",
      "base@0.13.3/src/Order.mo": "d8c76128271612469d052520f10af726556df78688729f9856b62ea292e0f43f",
      "base@0.13.3/src/OrderedMap.mo": "d743491a4dca60fb446144617a1e813019ec1c9c345281144bc5103061fb2eb0",
      "base@0.13.3/src/Prelude.mo": "7b4ea84cb683203c68d6135b524ca5587a1b23436d6733e0aaf723d36be4aa85",
      "base@0.13.3/src/OrderedSet.mo": "44d4fd4e3b9587124996daebf52ec81cb83a350d02b56f1ab097f1ad3fef0e41",
      "base@0.13.3/src/RBTree.mo": "3e5766dbdc21e358f407718bd9a210af5a5dfb7a10843fe0e09b005fd3f4a07a",
      "base@0.13.3/src/Random.mo": "15f6fd50d10a9eb401c3f18f19874fb334fec309e94499a46a0a876037dca266",
      "base@0.13.3/src/Region.mo": "6ca3019aed15ad442a3a794000ac245b2bcbd846033966e446dc1a29986dbf0b",
      "base@0.13.3/src/Principal.mo": "5e50eba952b7de62450264a2ece0af6edadd0b6dd4c8cfd2e432ca66022f70ab",
      "base@0.13.3/src/Result.mo": "4aa00198ee36ea3b60519f9c350e1c17b14b6ffa005b6d4edcff36a0a206f3af",
      "base@0.13.3/src/Stack.mo": "4b2681e9ed562b02840b7a46b58e66b695a725f31b94f6c9952e95e81b703b84",
      "base@0.13.3/src/Time.mo": "4e2a6126d0a2b0b862735adbde93620a70cb388af25a87c7b853650abd0743ab",
      "base@0.13.3/src/Text.mo": "08c5c0328da359144a6d50552b5c3ca9ccb63c6b859e2b2403abbfd112e09708",
      "base@0.13.3/src/Timer.mo": "6d1c5203670163e689484231c1c34add09938621f9f21ce1390d0d8c4e3ec31d",
      "base@0.13.3/src/Trie.mo": "63c0fbe6d48808630c7edf51d66140b8b2a43a734e425ab854234126e242cb07",
      "base@0.13.3/src/TrieMap.mo": "6d69d887006cd1dff09331473f258141bccb251a04a3a8221b65720a4bf237ac",
      "base@0.13.3/src/TrieSet.mo": "29b3314f43fad714fc7b68cc3b0dde00a7d8b02b6431afd7fe12304dc14f9612"
    }
  }
}